{
  "nodes": {
    "nixpkgs": {
      "locked": {
        "lastModified": 1777403251,
        "narHash": "sha256-y1pGcLg+2bKm2AF8wr3CZw1IFpcSW60qN/yvUe3EBgM=",
        "owner": "moeleak",
        "repo": "nixpkgs",
        "rev": "f0a1e55fc8db541f47fc591ebca8c2487bd6ad3a",
        "type": "github"
      },
      "original": {
        "owner": "moeleak",
        "ref": "nixos-licheepi4a-unstable",
        "repo": "nixpkgs",
        "type": "github"
      }
    },
    "root": {
      "inputs": {
        "nixpkgs": "nixpkgs"
      }
    }
  },
  "root": "root",
  "version": 7
}
